// !$*UTF8*$!
{
	archiveVersion = 1;
	classes = {
	};
	objectVersion = 46;
	objects = {

/* Begin PBXBuildFile section */
		5F8D25221CBAA4F800816007 /* NetworkManager.m in Sources */ = {isa = PBXBuildFile; fileRef = 5F8D251D1CBAA4F800816007 /* NetworkManager.m */; };
		5F8D25231CBAA4F800816007 /* PinImagCacheManager.m in Sources */ = {isa = PBXBuildFile; fileRef = 5F8D251F1CBAA4F800816007 /* PinImagCacheManager.m */; };
		5F8D25241CBAA4F800816007 /* PinImageDownloader.m in Sources */ = {isa = PBXBuildFile; fileRef = 5F8D25211CBAA4F800816007 /* PinImageDownloader.m */; };
		5F8D252C1CBAA5B000816007 /* MVPinBoardViewController.m in Sources */ = {isa = PBXBuildFile; fileRef = 5F8D252B1CBAA5B000816007 /* MVPinBoardViewController.m */; };
		5F8D25311CBAA5DD00816007 /* PinItem.m in Sources */ = {isa = PBXBuildFile; fileRef = 5F8D25301CBAA5DD00816007 /* PinItem.m */; };
		5F8D25391CBAA9FC00816007 /* Pin.m in Sources */ = {isa = PBXBuildFile; fileRef = 5F8D25381CBAA9FC00816007 /* Pin.m */; };
		5F8D25411CBAAA9A00816007 /* UIImageView+AsyncImageLoading.m in Sources */ = {isa = PBXBuildFile; fileRef = 5F8D25401CBAAA9A00816007 /* UIImageView+AsyncImageLoading.m */; };
		5FEC7B9A1CB90116001415F7 /* main.m in Sources */ = {isa = PBXBuildFile; fileRef = 5FEC7B991CB90116001415F7 /* main.m */; };
		5FEC7B9D1CB90116001415F7 /* AppDelegate.m in Sources */ = {isa = PBXBuildFile; fileRef = 5FEC7B9C1CB90116001415F7 /* AppDelegate.m */; };
		5FEC7BA31CB90116001415F7 /* Main.storyboard in Resources */ = {isa = PBXBuildFile; fileRef = 5FEC7BA11CB90116001415F7 /* Main.storyboard */; };
		5FEC7BA51CB90116001415F7 /* Assets.xcassets in Resources */ = {isa = PBXBuildFile; fileRef = 5FEC7BA41CB90116001415F7 /* Assets.xcassets */; };
		5FEC7BA81CB90116001415F7 /* LaunchScreen.storyboard in Resources */ = {isa = PBXBuildFile; fileRef = 5FEC7BA61CB90116001415F7 /* LaunchScreen.storyboard */; };
		5FEC7BB31CB90116001415F7 /* MindValleyTest_AnoopTests.m in Sources */ = {isa = PBXBuildFile; fileRef = 5FEC7BB21CB90116001415F7 /* MindValleyTest_AnoopTests.m */; };
		5FEC7BBE1CB90116001415F7 /* MindValleyTest_AnoopUITests.m in Sources */ = {isa = PBXBuildFile; fileRef = 5FEC7BBD1CB90116001415F7 /* MindValleyTest_AnoopUITests.m */; };
/* End PBXBuildFile section */

/* Begin PBXContainerItemProxy section */
		5FEC7BAF1CB90116001415F7 /* PBXContainerItemProxy */ = {
			isa = PBXContainerItemProxy;
			containerPortal = 5FEC7B8D1CB90116001415F7 /* Project object */;
			proxyType = 1;
			remoteGlobalIDString = 5FEC7B941CB90116001415F7;
			remoteInfo = "MindValleyTest-Anoop";
		};
		5FEC7BBA1CB90116001415F7 /* PBXContainerItemProxy */ = {
			isa = PBXContainerItemProxy;
			containerPortal = 5FEC7B8D1CB90116001415F7 /* Project object */;
			proxyType = 1;
			remoteGlobalIDString = 5FEC7B941CB90116001415F7;
			remoteInfo = "MindValleyTest-Anoop";
		};
/* End PBXContainerItemProxy section */

/* Begin PBXFileReference section */
		5F8D251C1CBAA4F800816007 /* NetworkManager.h */ = {isa = PBXFileReference; fileEncoding = 4; lastKnownFileType = sourcecode.c.h; path = NetworkManager.h; sourceTree = "<group>"; };
		5F8D251D1CBAA4F800816007 /* NetworkManager.m */ = {isa = PBXFileReference; fileEncoding = 4; lastKnownFileType = sourcecode.c.objc; path = NetworkManager.m; sourceTree = "<group>"; };
		5F8D251E1CBAA4F800816007 /* PinImagCacheManager.h */ = {isa = PBXFileReference; fileEncoding = 4; lastKnownFileType = sourcecode.c.h; path = PinImagCacheManager.h; sourceTree = "<group>"; };
		5F8D251F1CBAA4F800816007 /* PinImagCacheManager.m */ = {isa = PBXFileReference; fileEncoding = 4; lastKnownFileType = sourcecode.c.objc; path = PinImagCacheManager.m; sourceTree = "<group>"; };
		5F8D25201CBAA4F800816007 /* PinImageDownloader.h */ = {isa = PBXFileReference; fileEncoding = 4; lastKnownFileType = sourcecode.c.h; path = PinImageDownloader.h; sourceTree = "<group>"; };
		5F8D25211CBAA4F800816007 /* PinImageDownloader.m */ = {isa = PBXFileReference; fileEncoding = 4; lastKnownFileType = sourcecode.c.objc; path = PinImageDownloader.m; sourceTree = "<group>"; };
		5F8D252A1CBAA5B000816007 /* MVPinBoardViewController.h */ = {isa = PBXFileReference; fileEncoding = 4; lastKnownFileType = sourcecode.c.h; path = MVPinBoardViewController.h; sourceTree = "<group>"; };
		5F8D252B1CBAA5B000816007 /* MVPinBoardViewController.m */ = {isa = PBXFileReference; fileEncoding = 4; lastKnownFileType = sourcecode.c.objc; path = MVPinBoardViewController.m; sourceTree = "<group>"; };
		5F8D252F1CBAA5DD00816007 /* PinItem.h */ = {isa = PBXFileReference; fileEncoding = 4; lastKnownFileType = sourcecode.c.h; path = PinItem.h; sourceTree = "<group>"; };
		5F8D25301CBAA5DD00816007 /* PinItem.m */ = {isa = PBXFileReference; fileEncoding = 4; lastKnownFileType = sourcecode.c.objc; path = PinItem.m; sourceTree = "<group>"; };
		5F8D25371CBAA9FC00816007 /* Pin.h */ = {isa = PBXFileReference; fileEncoding = 4; lastKnownFileType = sourcecode.c.h; path = Pin.h; sourceTree = "<group>"; };
		5F8D25381CBAA9FC00816007 /* Pin.m */ = {isa = PBXFileReference; fileEncoding = 4; lastKnownFileType = sourcecode.c.objc; path = Pin.m; sourceTree = "<group>"; };
		5F8D253F1CBAAA9A00816007 /* UIImageView+AsyncImageLoading.h */ = {isa = PBXFileReference; fileEncoding = 4; lastKnownFileType = sourcecode.c.h; path = "UIImageView+AsyncImageLoading.h"; sourceTree = "<group>"; };
		5F8D25401CBAAA9A00816007 /* UIImageView+AsyncImageLoading.m */ = {isa = PBXFileReference; fileEncoding = 4; lastKnownFileType = sourcecode.c.objc; path = "UIImageView+AsyncImageLoading.m"; sourceTree = "<group>"; };
		5FEC7B951CB90116001415F7 /* MindValleyTest-Anoop.app */ = {isa = PBXFileReference; explicitFileType = wrapper.application; includeInIndex = 0; path = "MindValleyTest-Anoop.app"; sourceTree = BUILT_PRODUCTS_DIR; };
		5FEC7B991CB90116001415F7 /* main.m */ = {isa = PBXFileReference; lastKnownFileType = sourcecode.c.objc; path = main.m; sourceTree = "<group>"; };
		5FEC7B9B1CB90116001415F7 /* AppDelegate.h */ = {isa = PBXFileReference; lastKnownFileType = sourcecode.c.h; path = AppDelegate.h; sourceTree = "<group>"; };
		5FEC7B9C1CB90116001415F7 /* AppDelegate.m */ = {isa = PBXFileReference; lastKnownFileType = sourcecode.c.objc; path = AppDelegate.m; sourceTree = "<group>"; };
		5FEC7BA21CB90116001415F7 /* Base */ = {isa = PBXFileReference; lastKnownFileType = file.storyboard; name = Base; path = Base.lproj/Main.storyboard; sourceTree = "<group>"; };
		5FEC7BA41CB90116001415F7 /* Assets.xcassets */ = {isa = PBXFileReference; lastKnownFileType = folder.assetcatalog; path = Assets.xcassets; sourceTree = "<group>"; };
		5FEC7BA71CB90116001415F7 /* Base */ = {isa = PBXFileReference; lastKnownFileType = file.storyboard; name = Base; path = Base.lproj/LaunchScreen.storyboard; sourceTree = "<group>"; };
		5FEC7BA91CB90116001415F7 /* Info.plist */ = {isa = PBXFileReference; lastKnownFileType = text.plist.xml; path = Info.plist; sourceTree = "<group>"; };
		5FEC7BAE1CB90116001415F7 /* MindValleyTest-AnoopTests.xctest */ = {isa = PBXFileReference; explicitFileType = wrapper.cfbundle; includeInIndex = 0; path = "MindValleyTest-AnoopTests.xctest"; sourceTree = BUILT_PRODUCTS_DIR; };
		5FEC7BB21CB90116001415F7 /* MindValleyTest_AnoopTests.m */ = {isa = PBXFileReference; lastKnownFileType = sourcecode.c.objc; path = MindValleyTest_AnoopTests.m; sourceTree = "<group>"; };
		5FEC7BB41CB90116001415F7 /* Info.plist */ = {isa = PBXFileReference; lastKnownFileType = text.plist.xml; path = Info.plist; sourceTree = "<group>"; };
		5FEC7BB91CB90116001415F7 /* MindValleyTest-AnoopUITests.xctest */ = {isa = PBXFileReference; explicitFileType = wrapper.cfbundle; includeInIndex = 0; path = "MindValleyTest-AnoopUITests.xctest"; sourceTree = BUILT_PRODUCTS_DIR; };
		5FEC7BBD1CB90116001415F7 /* MindValleyTest_AnoopUITests.m */ = {isa = PBXFileReference; lastKnownFileType = sourcecode.c.objc; path = MindValleyTest_AnoopUITests.m; sourceTree = "<group>"; };
		5FEC7BBF1CB90116001415F7 /* Info.plist */ = {isa = PBXFileReference; lastKnownFileType = text.plist.xml; path = Info.plist; sourceTree = "<group>"; };
/* End PBXFileReference section */

/* Begin PBXFrameworksBuildPhase section */
		5FEC7B921CB90116001415F7 /* Frameworks */ = {
			isa = PBXFrameworksBuildPhase;
			buildActionMask = 2147483647;
			files = (
			);
			runOnlyForDeploymentPostprocessing = 0;
		};
		5FEC7BAB1CB90116001415F7 /* Frameworks */ = {
			isa = PBXFrameworksBuildPhase;
			buildActionMask = 2147483647;
			files = (
			);
			runOnlyForDeploymentPostprocessing = 0;
		};
		5FEC7BB61CB90116001415F7 /* Frameworks */ = {
			isa = PBXFrameworksBuildPhase;
			buildActionMask = 2147483647;
			files = (
			);
			runOnlyForDeploymentPostprocessing = 0;
		};
/* End PBXFrameworksBuildPhase section */

/* Begin PBXGroup section */
		5F8D251B1CBAA4F800816007 /* MVAsyncLoaderLibrary */ = {
			isa = PBXGroup;
			children = (
				5F8D251C1CBAA4F800816007 /* NetworkManager.h */,
				5F8D251D1CBAA4F800816007 /* NetworkManager.m */,
				5F8D251E1CBAA4F800816007 /* PinImagCacheManager.h */,
				5F8D251F1CBAA4F800816007 /* PinImagCacheManager.m */,
				5F8D25201CBAA4F800816007 /* PinImageDownloader.h */,
				5F8D25211CBAA4F800816007 /* PinImageDownloader.m */,
			);
			path = MVAsyncLoaderLibrary;
			sourceTree = "<group>";
		};
		5F8D25281CBAA5B000816007 /* ViewController */ = {
			isa = PBXGroup;
			children = (
				5F8D25291CBAA5B000816007 /* PinBoard */,
			);
			path = ViewController;
			sourceTree = "<group>";
		};
		5F8D25291CBAA5B000816007 /* PinBoard */ = {
			isa = PBXGroup;
			children = (
				5F8D252A1CBAA5B000816007 /* MVPinBoardViewController.h */,
				5F8D252B1CBAA5B000816007 /* MVPinBoardViewController.m */,
			);
			path = PinBoard;
			sourceTree = "<group>";
		};
		5F8D252D1CBAA5DD00816007 /* View */ = {
			isa = PBXGroup;
			children = (
				5F8D252E1CBAA5DD00816007 /* Pin */,
			);
			path = View;
			sourceTree = "<group>";
		};
		5F8D252E1CBAA5DD00816007 /* Pin */ = {
			isa = PBXGroup;
			children = (
				5F8D252F1CBAA5DD00816007 /* PinItem.h */,
				5F8D25301CBAA5DD00816007 /* PinItem.m */,
			);
			path = Pin;
			sourceTree = "<group>";
		};
		5F8D25351CBAA9FC00816007 /* Modal */ = {
			isa = PBXGroup;
			children = (
				5F8D25361CBAA9FC00816007 /* Pin */,
			);
			path = Modal;
			sourceTree = "<group>";
		};
		5F8D25361CBAA9FC00816007 /* Pin */ = {
			isa = PBXGroup;
			children = (
				5F8D25371CBAA9FC00816007 /* Pin.h */,
				5F8D25381CBAA9FC00816007 /* Pin.m */,
			);
			path = Pin;
			sourceTree = "<group>";
		};
		5F8D253D1CBAAA9A00816007 /* Categories */ = {
			isa = PBXGroup;
			children = (
				5F8D253E1CBAAA9A00816007 /* UIImageView+AsyncImageLoading */,
			);
			path = Categories;
			sourceTree = "<group>";
		};
		5F8D253E1CBAAA9A00816007 /* UIImageView+AsyncImageLoading */ = {
			isa = PBXGroup;
			children = (
				5F8D253F1CBAAA9A00816007 /* UIImageView+AsyncImageLoading.h */,
				5F8D25401CBAAA9A00816007 /* UIImageView+AsyncImageLoading.m */,
			);
			path = "UIImageView+AsyncImageLoading";
			sourceTree = "<group>";
		};
		5FEC7B8C1CB90116001415F7 = {
			isa = PBXGroup;
			children = (
				5FEC7B971CB90116001415F7 /* MindValleyTest-Anoop */,
				5FEC7BB11CB90116001415F7 /* MindValleyTest-AnoopTests */,
				5FEC7BBC1CB90116001415F7 /* MindValleyTest-AnoopUITests */,
				5FEC7B961CB90116001415F7 /* Products */,
			);
			sourceTree = "<group>";
		};
		5FEC7B961CB90116001415F7 /* Products */ = {
			isa = PBXGroup;
			children = (
				5FEC7B951CB90116001415F7 /* MindValleyTest-Anoop.app */,
				5FEC7BAE1CB90116001415F7 /* MindValleyTest-AnoopTests.xctest */,
				5FEC7BB91CB90116001415F7 /* MindValleyTest-AnoopUITests.xctest */,
			);
			name = Products;
			sourceTree = "<group>";
		};
		5FEC7B971CB90116001415F7 /* MindValleyTest-Anoop */ = {
			isa = PBXGroup;
			children = (
				5FEC7B9B1CB90116001415F7 /* AppDelegate.h */,
				5FEC7B9C1CB90116001415F7 /* AppDelegate.m */,
				5F8D251B1CBAA4F800816007 /* MVAsyncLoaderLibrary */,
				5F8D25351CBAA9FC00816007 /* Modal */,
				5F8D252D1CBAA5DD00816007 /* View */,
				5F8D25281CBAA5B000816007 /* ViewController */,
				5F8D253D1CBAAA9A00816007 /* Categories */,
				5FEC7BA41CB90116001415F7 /* Assets.xcassets */,
				5FEC7BA11CB90116001415F7 /* Main.storyboard */,
				5FEC7BA61CB90116001415F7 /* LaunchScreen.storyboard */,
				5FEC7BA91CB90116001415F7 /* Info.plist */,
				5FEC7B981CB90116001415F7 /* Supporting Files */,
			);
			path = "MindValleyTest-Anoop";
			sourceTree = "<group>";
		};
		5FEC7B981CB90116001415F7 /* Supporting Files */ = {
			isa = PBXGroup;
			children = (
				5FEC7B991CB90116001415F7 /* main.m */,
			);
			name = "Supporting Files";
			sourceTree = "<group>";
		};
		5FEC7BB11CB90116001415F7 /* MindValleyTest-AnoopTests */ = {
			isa = PBXGroup;
			children = (
				5FEC7BB21CB90116001415F7 /* MindValleyTest_AnoopTests.m */,
				5FEC7BB41CB90116001415F7 /* Info.plist */,
			);
			path = "MindValleyTest-AnoopTests";
			sourceTree = "<group>";
		};
		5FEC7BBC1CB90116001415F7 /* MindValleyTest-AnoopUITests */ = {
			isa = PBXGroup;
			children = (
				5FEC7BBD1CB90116001415F7 /* MindValleyTest_AnoopUITests.m */,
				5FEC7BBF1CB90116001415F7 /* Info.plist */,
			);
			path = "MindValleyTest-AnoopUITests";
			sourceTree = "<group>";
		};
/* End PBXGroup section */

/* Begin PBXNativeTarget section */
		5FEC7B941CB90116001415F7 /* MindValleyTest-Anoop */ = {
			isa = PBXNativeTarget;
			buildConfigurationList = 5FEC7BC21CB90116001415F7 /* Build configuration list for PBXNativeTarget "MindValleyTest-Anoop" */;
			buildPhases = (
				5FEC7B911CB90116001415F7 /* Sources */,
				5FEC7B921CB90116001415F7 /* Frameworks */,
				5FEC7B931CB90116001415F7 /* Resources */,
			);
			buildRules = (
			);
			dependencies = (
			);
			name = "MindValleyTest-Anoop";
			productName = "MindValleyTest-Anoop";
			productReference = 5FEC7B951CB90116001415F7 /* MindValleyTest-Anoop.app */;
			productType = "com.apple.product-type.application";
		};
		5FEC7BAD1CB90116001415F7 /* MindValleyTest-AnoopTests */ = {
			isa = PBXNativeTarget;
			buildConfigurationList = 5FEC7BC51CB90116001415F7 /* Build configuration list for PBXNativeTarget "MindValleyTest-AnoopTests" */;
			buildPhases = (
				5FEC7BAA1CB90116001415F7 /* Sources */,
				5FEC7BAB1CB90116001415F7 /* Frameworks */,
				5FEC7BAC1CB90116001415F7 /* Resources */,
			);
			buildRules = (
			);
			dependencies = (
				5FEC7BB01CB90116001415F7 /* PBXTargetDependency */,
			);
			name = "MindValleyTest-AnoopTests";
			productName = "MindValleyTest-AnoopTests";
			productReference = 5FEC7BAE1CB90116001415F7 /* MindValleyTest-AnoopTests.xctest */;
			productType = "com.apple.product-type.bundle.unit-test";
		};
		5FEC7BB81CB90116001415F7 /* MindValleyTest-AnoopUITests */ = {
			isa = PBXNativeTarget;
			buildConfigurationList = 5FEC7BC81CB90116001415F7 /* Build configuration list for PBXNativeTarget "MindValleyTest-AnoopUITests" */;
			buildPhases = (
				5FEC7BB51CB90116001415F7 /* Sources */,
				5FEC7BB61CB90116001415F7 /* Frameworks */,
				5FEC7BB71CB90116001415F7 /* Resources */,
			);
			buildRules = (
			);
			dependencies = (
				5FEC7BBB1CB90116001415F7 /* PBXTargetDependency */,
			);
			name = "MindValleyTest-AnoopUITests";
			productName = "MindValleyTest-AnoopUITests";
			productReference = 5FEC7BB91CB90116001415F7 /* MindValleyTest-AnoopUITests.xctest */;
			productType = "com.apple.product-type.bundle.ui-testing";
		};
/* End PBXNativeTarget section */

/* Begin PBXProject section */
		5FEC7B8D1CB90116001415F7 /* Project object */ = {
			isa = PBXProject;
			attributes = {
				LastUpgradeCheck = 0720;
				ORGANIZATIONNAME = "Anoop Radhakrishnan";
				TargetAttributes = {
					5FEC7B941CB90116001415F7 = {
						CreatedOnToolsVersion = 7.2;
					};
					5FEC7BAD1CB90116001415F7 = {
						CreatedOnToolsVersion = 7.2;
						TestTargetID = 5FEC7B941CB90116001415F7;
					};
					5FEC7BB81CB90116001415F7 = {
						CreatedOnToolsVersion = 7.2;
						TestTargetID = 5FEC7B941CB90116001415F7;
					};
				};
			};
			buildConfigurationList = 5FEC7B901CB90116001415F7 /* Build configuration list for PBXProject "MindValleyTest-Anoop" */;
			compatibilityVersion = "Xcode 3.2";
			developmentRegion = English;
			hasScannedForEncodings = 0;
			knownRegions = (
				en,
				Base,
			);
			mainGroup = 5FEC7B8C1CB90116001415F7;
			productRefGroup = 5FEC7B961CB90116001415F7 /* Products */;
			projectDirPath = "";
			projectRoot = "";
			targets = (
				5FEC7B941CB90116001415F7 /* MindValleyTest-Anoop */,
				5FEC7BAD1CB90116001415F7 /* MindValleyTest-AnoopTests */,
				5FEC7BB81CB90116001415F7 /* MindValleyTest-AnoopUITests */,
			);
		};
/* End PBXProject section */

/* Begin PBXResourcesBuildPhase section */
		5FEC7B931CB90116001415F7 /* Resources */ = {
			isa = PBXResourcesBuildPhase;
			buildActionMask = 2147483647;
			files = (
				5FEC7BA81CB90116001415F7 /* LaunchScreen.storyboard in Resources */,
				5FEC7BA51CB90116001415F7 /* Assets.xcassets in Resources */,
				5FEC7BA31CB90116001415F7 /* Main.storyboard in Resources */,
			);
			runOnlyForDeploymentPostprocessing = 0;
		};
		5FEC7BAC1CB90116001415F7 /* Resources */ = {
			isa = PBXResourcesBuildPhase;
			buildActionMask = 2147483647;
			files = (
			);
			runOnlyForDeploymentPostprocessing = 0;
		};
		5FEC7BB71CB90116001415F7 /* Resources */ = {
			isa = PBXResourcesBuildPhase;
			buildActionMask = 2147483647;
			files = (
			);
			runOnlyForDeploymentPostprocessing = 0;
		};
/* End PBXResourcesBuildPhase section */

/* Begin PBXSourcesBuildPhase section */
		5FEC7B911CB90116001415F7 /* Sources */ = {
			isa = PBXSourcesBuildPhase;
			buildActionMask = 2147483647;
			files = (
				5F8D25241CBAA4F800816007 /* PinImageDownloader.m in Sources */,
				5F8D25221CBAA4F800816007 /* NetworkManager.m in Sources */,
				5F8D25411CBAAA9A00816007 /* UIImageView+AsyncImageLoading.m in Sources */,
				5F8D25311CBAA5DD00816007 /* PinItem.m in Sources */,
				5FEC7B9D1CB90116001415F7 /* AppDelegate.m in Sources */,
				5FEC7B9A1CB90116001415F7 /* main.m in Sources */,
				5F8D252C1CBAA5B000816007 /* MVPinBoardViewController.m in Sources */,
				5F8D25391CBAA9FC00816007 /* Pin.m in Sources */,
				5F8D25231CBAA4F800816007 /* PinImagCacheManager.m in Sources */,
			);
			runOnlyForDeploymentPostprocessing = 0;
		};
		5FEC7BAA1CB90116001415F7 /* Sources */ = {
			isa = PBXSourcesBuildPhase;
			buildActionMask = 2147483647;
			files = (
				5FEC7BB31CB90116001415F7 /* MindValleyTest_AnoopTests.m in Sources */,
			);
			runOnlyForDeploymentPostprocessing = 0;
		};
		5FEC7BB51CB90116001415F7 /* Sources */ = {
			isa = PBXSourcesBuildPhase;
			buildActionMask = 2147483647;
			files = (
				5FEC7BBE1CB90116001415F7 /* MindValleyTest_AnoopUITests.m in Sources */,
			);
			runOnlyForDeploymentPostprocessing = 0;
		};
/* End PBXSourcesBuildPhase section */

/* Begin PBXTargetDependency section */
		5FEC7BB01CB90116001415F7 /* PBXTargetDependency */ = {
			isa = PBXTargetDependency;
			target = 5FEC7B941CB90116001415F7 /* MindValleyTest-Anoop */;
			targetProxy = 5FEC7BAF1CB90116001415F7 /* PBXContainerItemProxy */;
		};
		5FEC7BBB1CB90116001415F7 /* PBXTargetDependency */ = {
			isa = PBXTargetDependency;
			target = 5FEC7B941CB90116001415F7 /* MindValleyTest-Anoop */;
			targetProxy = 5FEC7BBA1CB90116001415F7 /* PBXContainerItemProxy */;
		};
/* End PBXTargetDependency section */

/* Begin PBXVariantGroup section */
		5FEC7BA11CB90116001415F7 /* Main.storyboard */ = {
			isa = PBXVariantGroup;
			children = (
				5FEC7BA21CB90116001415F7 /* Base */,
			);
			name = Main.storyboard;
			sourceTree = "<group>";
		};
		5FEC7BA61CB90116001415F7 /* LaunchScreen.storyboard */ = {
			isa = PBXVariantGroup;
			children = (
				5FEC7BA71CB90116001415F7 /* Base */,
			);
			name = LaunchScreen.storyboard;
			sourceTree = "<group>";
		};
/* End PBXVariantGroup section */

/* Begin XCBuildConfiguration section */
		5FEC7BC01CB90116001415F7 /* Debug */ = {
			isa = XCBuildConfiguration;
			buildSettings = {
				ALWAYS_SEARCH_USER_PATHS = NO;
				CLANG_CXX_LANGUAGE_STANDARD = "gnu++0x";
				CLANG_CXX_LIBRARY = "libc++";
				CLANG_ENABLE_MODULES = YES;
				CLANG_ENABLE_OBJC_ARC = YES;
				CLANG_WARN_BOOL_CONVERSION = YES;
				CLANG_WARN_CONSTANT_CONVERSION = YES;
				CLANG_WARN_DIRECT_OBJC_ISA_USAGE = YES_ERROR;
				CLANG_WARN_EMPTY_BODY = YES;
				CLANG_WARN_ENUM_CONVERSION = YES;
				CLANG_WARN_INT_CONVERSION = YES;
				CLANG_WARN_OBJC_ROOT_CLASS = YES_ERROR;
				CLANG_WARN_UNREACHABLE_CODE = YES;
				CLANG_WARN__DUPLICATE_METHOD_MATCH = YES;
				"CODE_SIGN_IDENTITY[sdk=iphoneos*]" = "iPhone Developer";
				COPY_PHASE_STRIP = NO;
				DEBUG_INFORMATION_FORMAT = dwarf;
				ENABLE_STRICT_OBJC_MSGSEND = YES;
				ENABLE_TESTABILITY = YES;
				GCC_C_LANGUAGE_STANDARD = gnu99;
				GCC_DYNAMIC_NO_PIC = NO;
				GCC_NO_COMMON_BLOCKS = YES;
				GCC_OPTIMIZATION_LEVEL = 0;
				GCC_PREPROCESSOR_DEFINITIONS = (
					"DEBUG=1",
					"$(inherited)",
				);
				GCC_WARN_64_TO_32_BIT_CONVERSION = YES;
				GCC_WARN_ABOUT_RETURN_TYPE = YES_ERROR;
				GCC_WARN_UNDECLARED_SELECTOR = YES;
				GCC_WARN_UNINITIALIZED_AUTOS = YES_AGGRESSIVE;
				GCC_WARN_UNUSED_FUNCTION = YES;
				GCC_WARN_UNUSED_VARIABLE = YES;
				IPHONEOS_DEPLOYMENT_TARGET = 9.2;
				MTL_ENABLE_DEBUG_INFO = YES;
				ONLY_ACTIVE_ARCH = YES;
				SDKROOT = iphoneos;
				TARGETED_DEVICE_FAMILY = "1,2";
			};
			name = Debug;
		};
		5FEC7BC11CB90116001415F7 /* Release */ = {
			isa = XCBuildConfiguration;
			buildSettings = {
				ALWAYS_SEARCH_USER_PATHS = NO;
				CLANG_CXX_LANGUAGE_STANDARD = "gnu++0x";
				CLANG_CXX_LIBRARY = "libc++";
				CLANG_ENABLE_MODULES = YES;
				CLANG_ENABLE_OBJC_ARC = YES;
				CLANG_WARN_BOOL_CONVERSION = YES;
				CLANG_WARN_CONSTANT_CONVERSION = YES;
				CLANG_WARN_DIRECT_OBJC_ISA_USAGE = YES_ERROR;
				CLANG_WARN_EMPTY_BODY = YES;
				CLANG_WARN_ENUM_CONVERSION = YES;
				CLANG_WARN_INT_CONVERSION = YES;
				CLANG_WARN_OBJC_ROOT_CLASS = YES_ERROR;
				CLANG_WARN_UNREACHABLE_CODE = YES;
				CLANG_WARN__DUPLICATE_METHOD_MATCH = YES;
				"CODE_SIGN_IDENTITY[sdk=iphoneos*]" = "iPhone Developer";
				COPY_PHASE_STRIP = NO;
				DEBUG_INFORMATION_FORMAT = "dwarf-with-dsym";
				ENABLE_NS_ASSERTIONS = NO;
				ENABLE_STRICT_OBJC_MSGSEND = YES;
				GCC_C_LANGUAGE_STANDARD = gnu99;
				GCC_NO_COMMON_BLOCKS = YES;
				GCC_WARN_64_TO_32_BIT_CONVERSION = YES;
				GCC_WARN_ABOUT_RETURN_TYPE = YES_ERROR;
				GCC_WARN_UNDECLARED_SELECTOR = YES;
				GCC_WARN_UNINITIALIZED_AUTOS = YES_AGGRESSIVE;
				GCC_WARN_UNUSED_FUNCTION = YES;
				GCC_WARN_UNUSED_VARIABLE = YES;
				IPHONEOS_DEPLOYMENT_TARGET = 9.2;
				MTL_ENABLE_DEBUG_INFO = NO;
				SDKROOT = iphoneos;
				TARGETED_DEVICE_FAMILY = "1,2";
				VALIDATE_PRODUCT = YES;
			};
			name = Release;
		};
		5FEC7BC31CB90116001415F7 /* Debug */ = {
			isa = XCBuildConfiguration;
			buildSettings = {
				ASSETCATALOG_COMPILER_APPICON_NAME = AppIcon;
				INFOPLIST_FILE = "MindValleyTest-Anoop/Info.plist";
				IPHONEOS_DEPLOYMENT_TARGET = 8.0;
				LD_RUNPATH_SEARCH_PATHS = "$(inherited) @executable_path/Frameworks";
				PRODUCT_BUNDLE_IDENTIFIER = "com.anoop.MindValleyTest-Anoop";
				PRODUCT_NAME = "$(TARGET_NAME)";
			};
			name = Debug;
		};
		5FEC7BC41CB90116001415F7 /* Release */ = {
			isa = XCBuildConfiguration;
			buildSettings = {
				ASSETCATALOG_COMPILER_APPICON_NAME = AppIcon;
				INFOPLIST_FILE = "MindValleyTest-Anoop/Info.plist";
				IPHONEOS_DEPLOYMENT_TARGET = 8.0;
				LD_RUNPATH_SEARCH_PATHS = "$(inherited) @executable_path/Frameworks";
				PRODUCT_BUNDLE_IDENTIFIER = "com.anoop.MindValleyTest-Anoop";
				PRODUCT_NAME = "$(TARGET_NAME)";
			};
			name = Release;
		};
		5FEC7BC61CB90116001415F7 /* Debug */ = {
			isa = XCBuildConfiguration;
			buildSettings = {
				BUNDLE_LOADER = "$(TEST_HOST)";
				INFOPLIST_FILE = "MindValleyTest-AnoopTests/Info.plist";
				LD_RUNPATH_SEARCH_PATHS = "$(inherited) @executable_path/Frameworks @loader_path/Frameworks";
				PRODUCT_BUNDLE_IDENTIFIER = "com.anoop.MindValleyTest-AnoopTests";
				PRODUCT_NAME = "$(TARGET_NAME)";
				TEST_HOST = "$(BUILT_PRODUCTS_DIR)/MindValleyTest-Anoop.app/MindValleyTest-Anoop";
			};
			name = Debug;
		};
		5FEC7BC71CB90116001415F7 /* Release */ = {
			isa = XCBuildConfiguration;
			buildSettings = {
				BUNDLE_LOADER = "$(TEST_HOST)";
				INFOPLIST_FILE = "MindValleyTest-AnoopTests/Info.plist";
				LD_RUNPATH_SEARCH_PATHS = "$(inherited) @executable_path/Frameworks @loader_path/Frameworks";
				PRODUCT_BUNDLE_IDENTIFIER = "com.anoop.MindValleyTest-AnoopTests";
				PRODUCT_NAME = "$(TARGET_NAME)";
				TEST_HOST = "$(BUILT_PRODUCTS_DIR)/MindValleyTest-Anoop.app/MindValleyTest-Anoop";
			};
			name = Release;
		};
		5FEC7BC91CB90116001415F7 /* Debug */ = {
			isa = XCBuildConfiguration;
			buildSettings = {
				INFOPLIST_FILE = "MindValleyTest-AnoopUITests/Info.plist";
				LD_RUNPATH_SEARCH_PATHS = "$(inherited) @executable_path/Frameworks @loader_path/Frameworks";
				PRODUCT_BUNDLE_IDENTIFIER = "com.anoop.MindValleyTest-AnoopUITests";
				PRODUCT_NAME = "$(TARGET_NAME)";
				TEST_TARGET_NAME = "MindValleyTest-Anoop";
				USES_XCTRUNNER = YES;
			};
			name = Debug;
		};
		5FEC7BCA1CB90116001415F7 /* Release */ = {
			isa = XCBuildConfiguration;
			buildSettings = {
				INFOPLIST_FILE = "MindValleyTest-AnoopUITests/Info.plist";
				LD_RUNPATH_SEARCH_PATHS = "$(inherited) @executable_path/Frameworks @loader_path/Frameworks";
				PRODUCT_BUNDLE_IDENTIFIER = "com.anoop.MindValleyTest-AnoopUITests";
				PRODUCT_NAME = "$(TARGET_NAME)";
				TEST_TARGET_NAME = "MindValleyTest-Anoop";
				USES_XCTRUNNER = YES;
			};
			name = Release;
		};
/* End XCBuildConfiguration section */

/* Begin XCConfigurationList section */
		5FEC7B901CB90116001415F7 /* Build configuration list for PBXProject "MindValleyTest-Anoop" */ = {
			isa = XCConfigurationList;
			buildConfigurations = (
				5FEC7BC01CB90116001415F7 /* Debug */,
				5FEC7BC11CB90116001415F7 /* Release */,
			);
			defaultConfigurationIsVisible = 0;
			defaultConfigurationName = Release;
		};
		5FEC7BC21CB90116001415F7 /* Build configuration list for PBXNativeTarget "MindValleyTest-Anoop" */ = {
			isa = XCConfigurationList;
			buildConfigurations = (
				5FEC7BC31CB90116001415F7 /* Debug */,
				5FEC7BC41CB90116001415F7 /* Release */,
			);
			defaultConfigurationIsVisible = 0;
			defaultConfigurationName = Release;
		};
		5FEC7BC51CB90116001415F7 /* Build configuration list for PBXNativeTarget "MindValleyTest-AnoopTests" */ = {
			isa = XCConfigurationList;
			buildConfigurations = (
				5FEC7BC61CB90116001415F7 /* Debug */,
				5FEC7BC71CB90116001415F7 /* Release */,
			);
			defaultConfigurationIsVisible = 0;
			defaultConfigurationName = Release;
		};
		5FEC7BC81CB90116001415F7 /* Build configuration list for PBXNativeTarget "MindValleyTest-AnoopUITests" */ = {
			isa = XCConfigurationList;
			buildConfigurations = (
				5FEC7BC91CB90116001415F7 /* Debug */,
				5FEC7BCA1CB90116001415F7 /* Release */,
			);
			defaultConfigurationIsVisible = 0;
			defaultConfigurationName = Release;
		};
/* End XCConfigurationList section */
	};
	rootObject = 5FEC7B8D1CB90116001415F7 /* Project object */;
}
